
Microsoft Visual Studio Solution File, Format Version 12.00
# Visual Studio Version 17
VisualStudioVersion = 17.14.37314.3
MinimumVisualStudioVersion = 10.0.40219.1
Project("{FAE04EC0-301F-11D3-BF4B-00C04F79EFBC}") = "BlazorApp1_Demo", "BlazorApp1_Demo\BlazorApp1_Demo.csproj", "{CDD4195E-BCEA-4A29-B3C6-CA07F530EB30}"
EndProject
Project("{FAE04EC0-301F-11D3-BF4B-00C04F79EFBC}") = "eShop.CoreBusiness", "eShop.CoreBusiness\eShop.CoreBusiness.csproj", "{6BB9FDB9-3374-42C0-A6C4-CE703E53FF37}"
EndProject
Project("{FAE04EC0-301F-11D3-BF4B-00C04F79EFBC}") = "eShop.UseCases", "eShop.UseCases\eShop.UseCases.csproj", "{C6D764C8-2DE6-4CB3-9C74-3EEBCB634F3C}"
EndProject
Project("{FAE04EC0-301F-11D3-BF4B-00C04F79EFBC}") = "eShop.DataStore.HardCoded", "eShop.DataStore.HardCoded\eShop.DataStore.HardCoded.csproj", "{63238AAC-57C9-475E-B6BD-B8DBF3BF2074}"
EndProject
Global
	GlobalSection(SolutionConfigurationPlatforms) = preSolution
		Debug|Any CPU = Debug|Any CPU
		Release|Any CPU = Release|Any CPU
	EndGlobalSection
	GlobalSection(ProjectConfigurationPlatforms) = postSolution
		{CDD4195E-BCEA-4A29-B3C6-CA07F530EB30}.Debug|Any CPU.ActiveCfg = Debug|Any CPU
		{CDD4195E-BCEA-4A29-B3C6-CA07F530EB30}.Debug|Any CPU.Build.0 = Debug|Any CPU
		{CDD4195E-BCEA-4A29-B3C6-CA07F530EB30}.Release|Any CPU.ActiveCfg = Release|Any CPU
		{CDD4195E-BCEA-4A29-B3C6-CA07F530EB30}.Release|Any CPU.Build.0 = Release|Any CPU
		{6BB9FDB9-3374-42C0-A6C4-CE703E53FF37}.Debug|Any CPU.ActiveCfg = Debug|Any CPU
		{6BB9FDB9-3374-42C0-A6C4-CE703E53FF37}.Debug|Any CPU.Build.0 = Debug|Any CPU
		{6BB9FDB9-3374-42C0-A6C4-CE703E53FF37}.Release|Any CPU.ActiveCfg = Release|Any CPU
		{6BB9FDB9-3374-42C0-A6C4-CE703E53FF37}.Release|Any CPU.Build.0 = Release|Any CPU
		{C6D764C8-2DE6-4CB3-9C74-3EEBCB634F3C}.Debug|Any CPU.ActiveCfg = Debug|Any CPU
		{C6D764C8-2DE6-4CB3-9C74-3EEBCB634F3C}.Debug|Any CPU.Build.0 = Debug|Any CPU
		{C6D764C8-2DE6-4CB3-9C74-3EEBCB634F3C}.Release|Any CPU.ActiveCfg = Release|Any CPU
		{C6D764C8-2DE6-4CB3-9C74-3EEBCB634F3C}.Release|Any CPU.Build.0 = Release|Any CPU
		{63238AAC-57C9-475E-B6BD-B8DBF3BF2074}.Debug|Any CPU.ActiveCfg = Debug|Any CPU
		{63238AAC-57C9-475E-B6BD-B8DBF3BF2074}.Debug|Any CPU.Build.0 = Debug|Any CPU
		{63238AAC-57C9-475E-B6BD-B8DBF3BF2074}.Release|Any CPU.ActiveCfg = Release|Any CPU
		{63238AAC-57C9-475E-B6BD-B8DBF3BF2074}.Release|Any CPU.Build.0 = Release|Any CPU
	EndGlobalSection
	GlobalSection(SolutionProperties) = preSolution
		HideSolutionNode = FALSE
	EndGlobalSection
	GlobalSection(ExtensibilityGlobals) = postSolution
		SolutionGuid = {F783D1BA-2624-4F35-A4C5-1407D850A46D}
	EndGlobalSection
EndGlobal
