
Microsoft Visual Studio Solution File, Format Version 12.00
# Visual Studio Version 17
VisualStudioVersion = 17.14.37314.3
MinimumVisualStudioVersion = 10.0.40219.1
Project("{FAE04EC0-301F-11D3-BF4B-00C04F79EFBC}") = "BlazorApp1_Demo", "BlazorApp1_Demo\BlazorApp1_Demo.csproj", "{CDD4195E-BCEA-4A29-B3C6-CA07F530EB30}"
EndProject
Project("{FAE04EC0-301F-11D3-BF4B-00C04F79EFBC}") = "eShop.CoreBusiness", "eShop.CoreBusiness\eShop.CoreBusiness.csproj", "{6BB9FDB9-3374-42C0-A6C4-CE703E53FF37}"
EndProject
Project("{FAE04EC0-301F-11D3-BF4B-00C04F79EFBC}") = "eShop.UseCases", "eShop.UseCases\eShop.UseCases.csproj", "{C6D764C8-2DE6-4CB3-9C74-3EEBCB634F3C}"
EndProject
Project("{FAE04EC0-301F-11D3-BF4B-00C04F79EFBC}") = "eShop.DataStore.HardCoded", "eShop.DataStore.HardCoded\eShop.DataStore.HardCoded.csproj", "{63238AAC-57C9-475E-B6BD-B8DBF3BF2074}"
EndProject
Project("{2150E333-8FDC-42A3-9474-1A3956D46DE8}") = "Plugins", "Plugins", "{07D57EEB-2F50-60C4-C011-FE4FA775C9A8}"
EndProject
Project("{FAE04EC0-301F-11D3-BF4B-00C04F79EFBC}") = "eShop.ShoppingCart.LocalStorage", "Plugins\eShop.ShoppingCart.LocalStorage\eShop.ShoppingCart.LocalStorage.csproj", "{B1E2C3BE-EAB4-43C4-9DA5-393B10B882E8}"
EndProject
Project("{FAE04EC0-301F-11D3-BF4B-00C04F79EFBC}") = "eShop.StateStore.DI", "Plugins\eShop.StateStore.DI\eShop.StateStore.DI.csproj", "{E71F00AB-A2EC-470C-A8DC-8AE62FB8C64C}"
EndProject
Project("{FAE04EC0-301F-11D3-BF4B-00C04F79EFBC}") = "eShop.Web.Common", "eShop.Web.Modules\eShop.Web.Common\eShop.Web.Common.csproj", "{A4E252E2-DD6D-40AC-A8D2-595AC77C0AE8}"
EndProject
Project("{FAE04EC0-301F-11D3-BF4B-00C04F79EFBC}") = "eShop.Web.CustomerPortal", "eShop.Web.Modules\eShop.Web.CustomerPortal\eShop.Web.CustomerPortal.csproj", "{4C232487-ABED-485C-929C-AA86EF7E6DAE}"
EndProject
Global
	GlobalSection(SolutionConfigurationPlatforms) = preSolution
		Debug|Any CPU = Debug|Any CPU
		Debug|x64 = Debug|x64
		Debug|x86 = Debug|x86
		Release|Any CPU = Release|Any CPU
		Release|x64 = Release|x64
		Release|x86 = Release|x86
	EndGlobalSection
	GlobalSection(ProjectConfigurationPlatforms) = postSolution
		{CDD4195E-BCEA-4A29-B3C6-CA07F530EB30}.Debug|Any CPU.ActiveCfg = Debug|Any CPU
		{CDD4195E-BCEA-4A29-B3C6-CA07F530EB30}.Debug|Any CPU.Build.0 = Debug|Any CPU
		{CDD4195E-BCEA-4A29-B3C6-CA07F530EB30}.Debug|x64.ActiveCfg = Debug|Any CPU
		{CDD4195E-BCEA-4A29-B3C6-CA07F530EB30}.Debug|x64.Build.0 = Debug|Any CPU
		{CDD4195E-BCEA-4A29-B3C6-CA07F530EB30}.Debug|x86.ActiveCfg = Debug|Any CPU
		{CDD4195E-BCEA-4A29-B3C6-CA07F530EB30}.Debug|x86.Build.0 = Debug|Any CPU
		{CDD4195E-BCEA-4A29-B3C6-CA07F530EB30}.Release|Any CPU.ActiveCfg = Release|Any CPU
		{CDD4195E-BCEA-4A29-B3C6-CA07F530EB30}.Release|Any CPU.Build.0 = Release|Any CPU
		{CDD4195E-BCEA-4A29-B3C6-CA07F530EB30}.Release|x64.ActiveCfg = Release|Any CPU
		{CDD4195E-BCEA-4A29-B3C6-CA07F530EB30}.Release|x64.Build.0 = Release|Any CPU
		{CDD4195E-BCEA-4A29-B3C6-CA07F530EB30}.Release|x86.ActiveCfg = Release|Any CPU
		{CDD4195E-BCEA-4A29-B3C6-CA07F530EB30}.Release|x86.Build.0 = Release|Any CPU
		{6BB9FDB9-3374-42C0-A6C4-CE703E53FF37}.Debug|Any CPU.ActiveCfg = Debug|Any CPU
		{6BB9FDB9-3374-42C0-A6C4-CE703E53FF37}.Debug|Any CPU.Build.0 = Debug|Any CPU
		{6BB9FDB9-3374-42C0-A6C4-CE703E53FF37}.Debug|x64.ActiveCfg = Debug|Any CPU
		{6BB9FDB9-3374-42C0-A6C4-CE703E53FF37}.Debug|x64.Build.0 = Debug|Any CPU
		{6BB9FDB9-3374-42C0-A6C4-CE703E53FF37}.Debug|x86.ActiveCfg = Debug|Any CPU
		{6BB9FDB9-3374-42C0-A6C4-CE703E53FF37}.Debug|x86.Build.0 = Debug|Any CPU
		{6BB9FDB9-3374-42C0-A6C4-CE703E53FF37}.Release|Any CPU.ActiveCfg = Release|Any CPU
		{6BB9FDB9-3374-42C0-A6C4-CE703E53FF37}.Release|Any CPU.Build.0 = Release|Any CPU
		{6BB9FDB9-3374-42C0-A6C4-CE703E53FF37}.Release|x64.ActiveCfg = Release|Any CPU
		{6BB9FDB9-3374-42C0-A6C4-CE703E53FF37}.Release|x64.Build.0 = Release|Any CPU
		{6BB9FDB9-3374-42C0-A6C4-CE703E53FF37}.Release|x86.ActiveCfg = Release|Any CPU
		{6BB9FDB9-3374-42C0-A6C4-CE703E53FF37}.Release|x86.Build.0 = Release|Any CPU
		{C6D764C8-2DE6-4CB3-9C74-3EEBCB634F3C}.Debug|Any CPU.ActiveCfg = Debug|Any CPU
		{C6D764C8-2DE6-4CB3-9C74-3EEBCB634F3C}.Debug|Any CPU.Build.0 = Debug|Any CPU
		{C6D764C8-2DE6-4CB3-9C74-3EEBCB634F3C}.Debug|x64.ActiveCfg = Debug|Any CPU
		{C6D764C8-2DE6-4CB3-9C74-3EEBCB634F3C}.Debug|x64.Build.0 = Debug|Any CPU
		{C6D764C8-2DE6-4CB3-9C74-3EEBCB634F3C}.Debug|x86.ActiveCfg = Debug|Any CPU
		{C6D764C8-2DE6-4CB3-9C74-3EEBCB634F3C}.Debug|x86.Build.0 = Debug|Any CPU
		{C6D764C8-2DE6-4CB3-9C74-3EEBCB634F3C}.Release|Any CPU.ActiveCfg = Release|Any CPU
		{C6D764C8-2DE6-4CB3-9C74-3EEBCB634F3C}.Release|Any CPU.Build.0 = Release|Any CPU
		{C6D764C8-2DE6-4CB3-9C74-3EEBCB634F3C}.Release|x64.ActiveCfg = Release|Any CPU
		{C6D764C8-2DE6-4CB3-9C74-3EEBCB634F3C}.Release|x64.Build.0 = Release|Any CPU
		{C6D764C8-2DE6-4CB3-9C74-3EEBCB634F3C}.Release|x86.ActiveCfg = Release|Any CPU
		{C6D764C8-2DE6-4CB3-9C74-3EEBCB634F3C}.Release|x86.Build.0 = Release|Any CPU
		{63238AAC-57C9-475E-B6BD-B8DBF3BF2074}.Debug|Any CPU.ActiveCfg = Debug|Any CPU
		{63238AAC-57C9-475E-B6BD-B8DBF3BF2074}.Debug|Any CPU.Build.0 = Debug|Any CPU
		{63238AAC-57C9-475E-B6BD-B8DBF3BF2074}.Debug|x64.ActiveCfg = Debug|Any CPU
		{63238AAC-57C9-475E-B6BD-B8DBF3BF2074}.Debug|x64.Build.0 = Debug|Any CPU
		{63238AAC-57C9-475E-B6BD-B8DBF3BF2074}.Debug|x86.ActiveCfg = Debug|Any CPU
		{63238AAC-57C9-475E-B6BD-B8DBF3BF2074}.Debug|x86.Build.0 = Debug|Any CPU
		{63238AAC-57C9-475E-B6BD-B8DBF3BF2074}.Release|Any CPU.ActiveCfg = Release|Any CPU
		{63238AAC-57C9-475E-B6BD-B8DBF3BF2074}.Release|Any CPU.Build.0 = Release|Any CPU
		{63238AAC-57C9-475E-B6BD-B8DBF3BF2074}.Release|x64.ActiveCfg = Release|Any CPU
		{63238AAC-57C9-475E-B6BD-B8DBF3BF2074}.Release|x64.Build.0 = Release|Any CPU
		{63238AAC-57C9-475E-B6BD-B8DBF3BF2074}.Release|x86.ActiveCfg = Release|Any CPU
		{63238AAC-57C9-475E-B6BD-B8DBF3BF2074}.Release|x86.Build.0 = Release|Any CPU
		{B1E2C3BE-EAB4-43C4-9DA5-393B10B882E8}.Debug|Any CPU.ActiveCfg = Debug|Any CPU
		{B1E2C3BE-EAB4-43C4-9DA5-393B10B882E8}.Debug|Any CPU.Build.0 = Debug|Any CPU
		{B1E2C3BE-EAB4-43C4-9DA5-393B10B882E8}.Debug|x64.ActiveCfg = Debug|Any CPU
		{B1E2C3BE-EAB4-43C4-9DA5-393B10B882E8}.Debug|x64.Build.0 = Debug|Any CPU
		{B1E2C3BE-EAB4-43C4-9DA5-393B10B882E8}.Debug|x86.ActiveCfg = Debug|Any CPU
		{B1E2C3BE-EAB4-43C4-9DA5-393B10B882E8}.Debug|x86.Build.0 = Debug|Any CPU
		{B1E2C3BE-EAB4-43C4-9DA5-393B10B882E8}.Release|Any CPU.ActiveCfg = Release|Any CPU
		{B1E2C3BE-EAB4-43C4-9DA5-393B10B882E8}.Release|Any CPU.Build.0 = Release|Any CPU
		{B1E2C3BE-EAB4-43C4-9DA5-393B10B882E8}.Release|x64.ActiveCfg = Release|Any CPU
		{B1E2C3BE-EAB4-43C4-9DA5-393B10B882E8}.Release|x64.Build.0 = Release|Any CPU
		{B1E2C3BE-EAB4-43C4-9DA5-393B10B882E8}.Release|x86.ActiveCfg = Release|Any CPU
		{B1E2C3BE-EAB4-43C4-9DA5-393B10B882E8}.Release|x86.Build.0 = Release|Any CPU
		{E71F00AB-A2EC-470C-A8DC-8AE62FB8C64C}.Debug|Any CPU.ActiveCfg = Debug|Any CPU
		{E71F00AB-A2EC-470C-A8DC-8AE62FB8C64C}.Debug|Any CPU.Build.0 = Debug|Any CPU
		{E71F00AB-A2EC-470C-A8DC-8AE62FB8C64C}.Debug|x64.ActiveCfg = Debug|Any CPU
		{E71F00AB-A2EC-470C-A8DC-8AE62FB8C64C}.Debug|x64.Build.0 = Debug|Any CPU
		{E71F00AB-A2EC-470C-A8DC-8AE62FB8C64C}.Debug|x86.ActiveCfg = Debug|Any CPU
		{E71F00AB-A2EC-470C-A8DC-8AE62FB8C64C}.Debug|x86.Build.0 = Debug|Any CPU
		{E71F00AB-A2EC-470C-A8DC-8AE62FB8C64C}.Release|Any CPU.ActiveCfg = Release|Any CPU
		{E71F00AB-A2EC-470C-A8DC-8AE62FB8C64C}.Release|Any CPU.Build.0 = Release|Any CPU
		{E71F00AB-A2EC-470C-A8DC-8AE62FB8C64C}.Release|x64.ActiveCfg = Release|Any CPU
		{E71F00AB-A2EC-470C-A8DC-8AE62FB8C64C}.Release|x64.Build.0 = Release|Any CPU
		{E71F00AB-A2EC-470C-A8DC-8AE62FB8C64C}.Release|x86.ActiveCfg = Release|Any CPU
		{E71F00AB-A2EC-470C-A8DC-8AE62FB8C64C}.Release|x86.Build.0 = Release|Any CPU
		{A4E252E2-DD6D-40AC-A8D2-595AC77C0AE8}.Debug|Any CPU.ActiveCfg = Debug|Any CPU
		{A4E252E2-DD6D-40AC-A8D2-595AC77C0AE8}.Debug|Any CPU.Build.0 = Debug|Any CPU
		{A4E252E2-DD6D-40AC-A8D2-595AC77C0AE8}.Debug|x64.ActiveCfg = Debug|Any CPU
		{A4E252E2-DD6D-40AC-A8D2-595AC77C0AE8}.Debug|x64.Build.0 = Debug|Any CPU
		{A4E252E2-DD6D-40AC-A8D2-595AC77C0AE8}.Debug|x86.ActiveCfg = Debug|Any CPU
		{A4E252E2-DD6D-40AC-A8D2-595AC77C0AE8}.Debug|x86.Build.0 = Debug|Any CPU
		{A4E252E2-DD6D-40AC-A8D2-595AC77C0AE8}.Release|Any CPU.ActiveCfg = Release|Any CPU
		{A4E252E2-DD6D-40AC-A8D2-595AC77C0AE8}.Release|Any CPU.Build.0 = Release|Any CPU
		{A4E252E2-DD6D-40AC-A8D2-595AC77C0AE8}.Release|x64.ActiveCfg = Release|Any CPU
		{A4E252E2-DD6D-40AC-A8D2-595AC77C0AE8}.Release|x64.Build.0 = Release|Any CPU
		{A4E252E2-DD6D-40AC-A8D2-595AC77C0AE8}.Release|x86.ActiveCfg = Release|Any CPU
		{A4E252E2-DD6D-40AC-A8D2-595AC77C0AE8}.Release|x86.Build.0 = Release|Any CPU
		{4C232487-ABED-485C-929C-AA86EF7E6DAE}.Debug|Any CPU.ActiveCfg = Debug|Any CPU
		{4C232487-ABED-485C-929C-AA86EF7E6DAE}.Debug|Any CPU.Build.0 = Debug|Any CPU
		{4C232487-ABED-485C-929C-AA86EF7E6DAE}.Debug|x64.ActiveCfg = Debug|Any CPU
		{4C232487-ABED-485C-929C-AA86EF7E6DAE}.Debug|x64.Build.0 = Debug|Any CPU
		{4C232487-ABED-485C-929C-AA86EF7E6DAE}.Debug|x86.ActiveCfg = Debug|Any CPU
		{4C232487-ABED-485C-929C-AA86EF7E6DAE}.Debug|x86.Build.0 = Debug|Any CPU
		{4C232487-ABED-485C-929C-AA86EF7E6DAE}.Release|Any CPU.ActiveCfg = Release|Any CPU
		{4C232487-ABED-485C-929C-AA86EF7E6DAE}.Release|Any CPU.Build.0 = Release|Any CPU
		{4C232487-ABED-485C-929C-AA86EF7E6DAE}.Release|x64.ActiveCfg = Release|Any CPU
		{4C232487-ABED-485C-929C-AA86EF7E6DAE}.Release|x64.Build.0 = Release|Any CPU
		{4C232487-ABED-485C-929C-AA86EF7E6DAE}.Release|x86.ActiveCfg = Release|Any CPU
		{4C232487-ABED-485C-929C-AA86EF7E6DAE}.Release|x86.Build.0 = Release|Any CPU
	EndGlobalSection
	GlobalSection(SolutionProperties) = preSolution
		HideSolutionNode = FALSE
	EndGlobalSection
	GlobalSection(NestedProjects) = preSolution
		{B1E2C3BE-EAB4-43C4-9DA5-393B10B882E8} = {07D57EEB-2F50-60C4-C011-FE4FA775C9A8}
		{E71F00AB-A2EC-470C-A8DC-8AE62FB8C64C} = {07D57EEB-2F50-60C4-C011-FE4FA775C9A8}
		{A4E252E2-DD6D-40AC-A8D2-595AC77C0AE8} = {07D57EEB-2F50-60C4-C011-FE4FA775C9A8}
		{4C232487-ABED-485C-929C-AA86EF7E6DAE} = {07D57EEB-2F50-60C4-C011-FE4FA775C9A8}
	EndGlobalSection
	GlobalSection(ExtensibilityGlobals) = postSolution
		SolutionGuid = {F783D1BA-2624-4F35-A4C5-1407D850A46D}
	EndGlobalSection
EndGlobal
